// !$*UTF8*$!
{
	archiveVersion = 1;
	classes = {
	};
	objectVersion = 46;
	objects = {

/* Begin PBXBuildFile section */
		07542F6C1183639E004B03B0 /* FlixelFont.m in Sources */ = {isa = PBXBuildFile; fileRef = 07542F6B1183639E004B03B0 /* FlixelFont.m */; };
		075430BF11867D3D004B03B0 /* FlxTileblock.m in Sources */ = {isa = PBXBuildFile; fileRef = 075430BE11867D3D004B03B0 /* FlxTileblock.m */; };
		075430E511873B5D004B03B0 /* FlixelAPTBindings.m in Sources */ = {isa = PBXBuildFile; fileRef = 075430E411873B5D004B03B0 /* FlixelAPTBindings.m */; };
		076E6DE01180E00D0084ECBC /* FlashFunction.m in Sources */ = {isa = PBXBuildFile; fileRef = 076E6DC01180E00D0084ECBC /* FlashFunction.m */; };
		076E6DE11180E00D0084ECBC /* FlashObject.m in Sources */ = {isa = PBXBuildFile; fileRef = 076E6DC11180E00D0084ECBC /* FlashObject.m */; };
		076E6DE21180E00D0084ECBC /* FlashPoint.m in Sources */ = {isa = PBXBuildFile; fileRef = 076E6DC21180E00D0084ECBC /* FlashPoint.m */; };
		076E6DE31180E00D0084ECBC /* FlashRectangle.m in Sources */ = {isa = PBXBuildFile; fileRef = 076E6DC31180E00D0084ECBC /* FlashRectangle.m */; };
		076E6DE41180E00D0084ECBC /* FlxAnim.m in Sources */ = {isa = PBXBuildFile; fileRef = 076E6DC51180E00D0084ECBC /* FlxAnim.m */; };
		076E6DE51180E00D0084ECBC /* FlxButton.m in Sources */ = {isa = PBXBuildFile; fileRef = 076E6DC61180E00D0084ECBC /* FlxButton.m */; };
		076E6DE61180E00D0084ECBC /* FlxEmitter.m in Sources */ = {isa = PBXBuildFile; fileRef = 076E6DC71180E00D0084ECBC /* FlxEmitter.m */; };
		076E6DE71180E00D0084ECBC /* FlxFade.m in Sources */ = {isa = PBXBuildFile; fileRef = 076E6DC81180E00D0084ECBC /* FlxFade.m */; };
		076E6DE81180E00D0084ECBC /* FlxFlash.m in Sources */ = {isa = PBXBuildFile; fileRef = 076E6DC91180E00D0084ECBC /* FlxFlash.m */; };
		076E6DE91180E00D0084ECBC /* FlxG.m in Sources */ = {isa = PBXBuildFile; fileRef = 076E6DCA1180E00D0084ECBC /* FlxG.m */; };
		076E6DEA1180E00D0084ECBC /* FlxGLView.m in Sources */ = {isa = PBXBuildFile; fileRef = 076E6DCB1180E00D0084ECBC /* FlxGLView.m */; };
		076E6DEB1180E00D0084ECBC /* FlxGame.m in Sources */ = {isa = PBXBuildFile; fileRef = 076E6DCC1180E00D0084ECBC /* FlxGame.m */; };
		076E6DEC1180E00D0084ECBC /* FlxGroup.m in Sources */ = {isa = PBXBuildFile; fileRef = 076E6DCD1180E00D0084ECBC /* FlxGroup.m */; };
		076E6DED1180E00D0084ECBC /* FlxList.m in Sources */ = {isa = PBXBuildFile; fileRef = 076E6DCE1180E00D0084ECBC /* FlxList.m */; };
		076E6DEE1180E00D0084ECBC /* FlxManagedSprite.m in Sources */ = {isa = PBXBuildFile; fileRef = 076E6DCF1180E00D0084ECBC /* FlxManagedSprite.m */; };
		076E6DEF1180E00D0084ECBC /* FlxObject.m in Sources */ = {isa = PBXBuildFile; fileRef = 076E6DD01180E00D0084ECBC /* FlxObject.m */; };
		076E6DF01180E00D0084ECBC /* FlxPoint.m in Sources */ = {isa = PBXBuildFile; fileRef = 076E6DD11180E00D0084ECBC /* FlxPoint.m */; };
		076E6DF11180E00D0084ECBC /* FlxQuadTree.m in Sources */ = {isa = PBXBuildFile; fileRef = 076E6DD21180E00D0084ECBC /* FlxQuadTree.m */; };
		076E6DF21180E00D0084ECBC /* FlxQuake.m in Sources */ = {isa = PBXBuildFile; fileRef = 076E6DD31180E00D0084ECBC /* FlxQuake.m */; };
		076E6DF31180E00D0084ECBC /* FlxRect.m in Sources */ = {isa = PBXBuildFile; fileRef = 076E6DD41180E00D0084ECBC /* FlxRect.m */; };
		076E6DF41180E00D0084ECBC /* FlxSave.m in Sources */ = {isa = PBXBuildFile; fileRef = 076E6DD51180E00D0084ECBC /* FlxSave.m */; };
		076E6DF51180E00D0084ECBC /* FlxSound.m in Sources */ = {isa = PBXBuildFile; fileRef = 076E6DD61180E00D0084ECBC /* FlxSound.m */; };
		076E6DF61180E00D0084ECBC /* FlxSprite.m in Sources */ = {isa = PBXBuildFile; fileRef = 076E6DD71180E00D0084ECBC /* FlxSprite.m */; };
		076E6DF71180E00D0084ECBC /* FlxState.m in Sources */ = {isa = PBXBuildFile; fileRef = 076E6DD81180E00D0084ECBC /* FlxState.m */; };
		076E6DF81180E00D0084ECBC /* FlxText.m in Sources */ = {isa = PBXBuildFile; fileRef = 076E6DD91180E00D0084ECBC /* FlxText.m */; };
		076E6DF91180E00D0084ECBC /* FlxTouches.m in Sources */ = {isa = PBXBuildFile; fileRef = 076E6DDA1180E00D0084ECBC /* FlxTouches.m */; };
		076E6DFA1180E00D0084ECBC /* FlxU.m in Sources */ = {isa = PBXBuildFile; fileRef = 076E6DDB1180E00D0084ECBC /* FlxU.m */; };
		076E6DFB1180E00D0084ECBC /* SemiSecretFont.m in Sources */ = {isa = PBXBuildFile; fileRef = 076E6DDD1180E00D0084ECBC /* SemiSecretFont.m */; };
		076E6DFC1180E00D0084ECBC /* SemiSecretText.m in Sources */ = {isa = PBXBuildFile; fileRef = 076E6DDE1180E00D0084ECBC /* SemiSecretText.m */; };
		076E6DFD1180E00D0084ECBC /* SemiSecretTexture.m in Sources */ = {isa = PBXBuildFile; fileRef = 076E6DDF1180E00D0084ECBC /* SemiSecretTexture.m */; };
		076E6EB51180E3290084ECBC /* AVFoundation.framework in Frameworks */ = {isa = PBXBuildFile; fileRef = 076E6EB41180E3290084ECBC /* AVFoundation.framework */; };
		076E6EB71180E3290084ECBC /* AudioToolbox.framework in Frameworks */ = {isa = PBXBuildFile; fileRef = 076E6EB61180E3290084ECBC /* AudioToolbox.framework */; };
		076E6EB91180E3290084ECBC /* CoreAudio.framework in Frameworks */ = {isa = PBXBuildFile; fileRef = 076E6EB81180E3290084ECBC /* CoreAudio.framework */; };
		076E6EBB1180E3290084ECBC /* OpenAL.framework in Frameworks */ = {isa = PBXBuildFile; fileRef = 076E6EBA1180E3290084ECBC /* OpenAL.framework */; };
		076E6EE01180E34A0084ECBC /* CoreGraphics.framework in Frameworks */ = {isa = PBXBuildFile; fileRef = 076E6EDF1180E34A0084ECBC /* CoreGraphics.framework */; };
		1D3623260D0F684500981E51 /* AppDelegate.m in Sources */ = {isa = PBXBuildFile; fileRef = 1D3623250D0F684500981E51 /* AppDelegate.m */; };
		1D60589B0D05DD56006BFB54 /* main.m in Sources */ = {isa = PBXBuildFile; fileRef = 29B97316FDCFA39411CA2CEA /* main.m */; };
		1D60589F0D05DD5A006BFB54 /* Foundation.framework in Frameworks */ = {isa = PBXBuildFile; fileRef = 1D30AB110D05D00D00671497 /* Foundation.framework */; };
		1DF5F4E00D08C38300B7A737 /* UIKit.framework in Frameworks */ = {isa = PBXBuildFile; fileRef = 1DF5F4DF0D08C38300B7A737 /* UIKit.framework */; };
		28FD15000DC6FC520079059D /* OpenGLES.framework in Frameworks */ = {isa = PBXBuildFile; fileRef = 28FD14FF0DC6FC520079059D /* OpenGLES.framework */; };
		28FD15080DC6FC5B0079059D /* QuartzCore.framework in Frameworks */ = {isa = PBXBuildFile; fileRef = 28FD15070DC6FC5B0079059D /* QuartzCore.framework */; };
		D20077B813B337340036F296 /* Bullet.m in Sources */ = {isa = PBXBuildFile; fileRef = D20077A213B337340036F296 /* Bullet.m */; };
		D20077B913B337340036F296 /* Enemy.m in Sources */ = {isa = PBXBuildFile; fileRef = D20077A413B337340036F296 /* Enemy.m */; };
		D20077BA13B337340036F296 /* EnemyBullet.m in Sources */ = {isa = PBXBuildFile; fileRef = D20077A613B337340036F296 /* EnemyBullet.m */; };
		D20077BB13B337340036F296 /* HelpState.m in Sources */ = {isa = PBXBuildFile; fileRef = D20077A813B337340036F296 /* HelpState.m */; };
		D20077BC13B337340036F296 /* MenuState.m in Sources */ = {isa = PBXBuildFile; fileRef = D20077AA13B337340036F296 /* MenuState.m */; };
		D20077BD13B337340036F296 /* Notch.m in Sources */ = {isa = PBXBuildFile; fileRef = D20077AC13B337340036F296 /* Notch.m */; };
		D20077BE13B337340036F296 /* Player.m in Sources */ = {isa = PBXBuildFile; fileRef = D20077AE13B337340036F296 /* Player.m */; };
		D20077C013B337340036F296 /* Spawner.m in Sources */ = {isa = PBXBuildFile; fileRef = D20077B213B337340036F296 /* Spawner.m */; };
		D20077C113B337340036F296 /* UIImage+RIFAddition.m in Sources */ = {isa = PBXBuildFile; fileRef = D20077B413B337340036F296 /* UIImage+RIFAddition.m */; };
		D20077C213B337340036F296 /* VictoryState.m in Sources */ = {isa = PBXBuildFile; fileRef = D20077B613B337340036F296 /* VictoryState.m */; };
		D20077D513B337FC0036F296 /* bot_bullet.png in Resources */ = {isa = PBXBuildFile; fileRef = D20077C313B337FC0036F296 /* bot_bullet.png */; };
		D20077D613B337FC0036F296 /* bot.png in Resources */ = {isa = PBXBuildFile; fileRef = D20077C413B337FC0036F296 /* bot.png */; };
		D20077D713B337FC0036F296 /* bullet.png in Resources */ = {isa = PBXBuildFile; fileRef = D20077C513B337FC0036F296 /* bullet.png */; };
		D20077D813B337FC0036F296 /* button.png in Resources */ = {isa = PBXBuildFile; fileRef = D20077C613B337FC0036F296 /* button.png */; };
		D20077D913B337FC0036F296 /* buttondown.png in Resources */ = {isa = PBXBuildFile; fileRef = D20077C713B337FC0036F296 /* buttondown.png */; };
		D20077DA13B337FC0036F296 /* buttonup.png in Resources */ = {isa = PBXBuildFile; fileRef = D20077C813B337FC0036F296 /* buttonup.png */; };
		D20077DB13B337FC0036F296 /* buttonupGreen.png in Resources */ = {isa = PBXBuildFile; fileRef = D20077C913B337FC0036F296 /* buttonupGreen.png */; };
		D20077DC13B337FC0036F296 /* cursor.png in Resources */ = {isa = PBXBuildFile; fileRef = D20077CA13B337FC0036F296 /* cursor.png */; };
		D20077DD13B337FC0036F296 /* dirt_top.png in Resources */ = {isa = PBXBuildFile; fileRef = D20077CB13B337FC0036F296 /* dirt_top.png */; };
		D20077DE13B337FC0036F296 /* dirt.png in Resources */ = {isa = PBXBuildFile; fileRef = D20077CC13B337FC0036F296 /* dirt.png */; };
		D20077DF13B337FC0036F296 /* gibs.png in Resources */ = {isa = PBXBuildFile; fileRef = D20077CD13B337FC0036F296 /* gibs.png */; };
		D20077E013B337FC0036F296 /* jet.png in Resources */ = {isa = PBXBuildFile; fileRef = D20077CE13B337FC0036F296 /* jet.png */; };
		D20077E113B337FC0036F296 /* miniframe.png in Resources */ = {isa = PBXBuildFile; fileRef = D20077CF13B337FC0036F296 /* miniframe.png */; };
		D20077E213B337FC0036F296 /* notch.png in Resources */ = {isa = PBXBuildFile; fileRef = D20077D013B337FC0036F296 /* notch.png */; };
		D20077E313B337FC0036F296 /* spaceman.png in Resources */ = {isa = PBXBuildFile; fileRef = D20077D113B337FC0036F296 /* spaceman.png */; };
		D20077E413B337FC0036F296 /* spawner_gibs.png in Resources */ = {isa = PBXBuildFile; fileRef = D20077D213B337FC0036F296 /* spawner_gibs.png */; };
		D20077E513B337FC0036F296 /* spawner.png in Resources */ = {isa = PBXBuildFile; fileRef = D20077D313B337FC0036F296 /* spawner.png */; };
		D20077E613B337FC0036F296 /* tech_tiles.png in Resources */ = {isa = PBXBuildFile; fileRef = D20077D413B337FC0036F296 /* tech_tiles.png */; };
		D20077E913B338090036F296 /* Default.png in Resources */ = {isa = PBXBuildFile; fileRef = D20077E713B338090036F296 /* Default.png */; };
		D20077EA13B338090036F296 /* icon.png in Resources */ = {isa = PBXBuildFile; fileRef = D20077E813B338090036F296 /* icon.png */; };
		D20077ED13B338170036F296 /* buttonArrow.png in Resources */ = {isa = PBXBuildFile; fileRef = D20077EB13B338170036F296 /* buttonArrow.png */; };
		D20077EE13B338170036F296 /* buttonButton.png in Resources */ = {isa = PBXBuildFile; fileRef = D20077EC13B338170036F296 /* buttonButton.png */; };
		D20077FE13B338270036F296 /* asplode.caf in Resources */ = {isa = PBXBuildFile; fileRef = D20077F013B338270036F296 /* asplode.caf */; };
		D20077FF13B338270036F296 /* button.caf in Resources */ = {isa = PBXBuildFile; fileRef = D20077F113B338270036F296 /* button.caf */; };
		D200780013B338270036F296 /* countdown.caf in Resources */ = {isa = PBXBuildFile; fileRef = D20077F213B338270036F296 /* countdown.caf */; };
		D200780113B338270036F296 /* enemy.caf in Resources */ = {isa = PBXBuildFile; fileRef = D20077F313B338270036F296 /* enemy.caf */; };
		D200780213B338270036F296 /* hit.caf in Resources */ = {isa = PBXBuildFile; fileRef = D20077F413B338270036F296 /* hit.caf */; };
		D200780313B338270036F296 /* hurt.caf in Resources */ = {isa = PBXBuildFile; fileRef = D20077F513B338270036F296 /* hurt.caf */; };
		D200780413B338270036F296 /* jam.caf in Resources */ = {isa = PBXBuildFile; fileRef = D20077F613B338270036F296 /* jam.caf */; };
		D200780513B338270036F296 /* jet.caf in Resources */ = {isa = PBXBuildFile; fileRef = D20077F713B338270036F296 /* jet.caf */; };
		D200780613B338270036F296 /* jump.caf in Resources */ = {isa = PBXBuildFile; fileRef = D20077F813B338270036F296 /* jump.caf */; };
		D200780713B338270036F296 /* land.caf in Resources */ = {isa = PBXBuildFile; fileRef = D20077F913B338270036F296 /* land.caf */; };
		D200780813B338270036F296 /* menu_hit.caf in Resources */ = {isa = PBXBuildFile; fileRef = D20077FA13B338270036F296 /* menu_hit.caf */; };
		D200780913B338270036F296 /* menu_hit_2.caf in Resources */ = {isa = PBXBuildFile; fileRef = D20077FB13B338270036F296 /* menu_hit_2.caf */; };
		D200780A13B338270036F296 /* shoot.caf in Resources */ = {isa = PBXBuildFile; fileRef = D20077FC13B338270036F296 /* shoot.caf */; };
		D200780B13B338270036F296 /* mode.mp3 in Resources */ = {isa = PBXBuildFile; fileRef = D20077FD13B338270036F296 /* mode.mp3 */; };
		D27AF76E13E518A300C6DE74 /* buttonPressed.png in Resources */ = {isa = PBXBuildFile; fileRef = D27AF76D13E518A300C6DE74 /* buttonPressed.png */; };
		D286022313E7F4D800874DE8 /* PlayState.m in Sources */ = {isa = PBXBuildFile; fileRef = D286022213E7F4D800874DE8 /* PlayState.m */; };
		D286022613E7F4E000874DE8 /* Mode.m in Sources */ = {isa = PBXBuildFile; fileRef = D286022513E7F4E000874DE8 /* Mode.m */; };
		D362EAFA12DDB506004A4206 /* Flixel.ttf in Resources */ = {isa = PBXBuildFile; fileRef = D362EAF912DDB506004A4206 /* Flixel.ttf */; };
/* End PBXBuildFile section */

/* Begin PBXFileReference section */
		07542F6B1183639E004B03B0 /* FlixelFont.m */ = {isa = PBXFileReference; fileEncoding = 4; lastKnownFileType = sourcecode.c.objc; path = FlixelFont.m; sourceTree = "<group>"; };
		075430BE11867D3D004B03B0 /* FlxTileblock.m */ = {isa = PBXFileReference; fileEncoding = 4; lastKnownFileType = sourcecode.c.objc; path = FlxTileblock.m; sourceTree = "<group>"; };
		075430E411873B5D004B03B0 /* FlixelAPTBindings.m */ = {isa = PBXFileReference; fileEncoding = 4; lastKnownFileType = sourcecode.c.objc; path = FlixelAPTBindings.m; sourceTree = "<group>"; };
		076E6DC01180E00D0084ECBC /* FlashFunction.m */ = {isa = PBXFileReference; fileEncoding = 4; lastKnownFileType = sourcecode.c.objc; path = FlashFunction.m; sourceTree = "<group>"; };
		076E6DC11180E00D0084ECBC /* FlashObject.m */ = {isa = PBXFileReference; fileEncoding = 4; lastKnownFileType = sourcecode.c.objc; path = FlashObject.m; sourceTree = "<group>"; };
		076E6DC21180E00D0084ECBC /* FlashPoint.m */ = {isa = PBXFileReference; fileEncoding = 4; lastKnownFileType = sourcecode.c.objc; path = FlashPoint.m; sourceTree = "<group>"; };
		076E6DC31180E00D0084ECBC /* FlashRectangle.m */ = {isa = PBXFileReference; fileEncoding = 4; lastKnownFileType = sourcecode.c.objc; path = FlashRectangle.m; sourceTree = "<group>"; };
		076E6DC51180E00D0084ECBC /* FlxAnim.m */ = {isa = PBXFileReference; fileEncoding = 4; lastKnownFileType = sourcecode.c.objc; path = FlxAnim.m; sourceTree = "<group>"; };
		076E6DC61180E00D0084ECBC /* FlxButton.m */ = {isa = PBXFileReference; fileEncoding = 4; lastKnownFileType = sourcecode.c.objc; path = FlxButton.m; sourceTree = "<group>"; };
		076E6DC71180E00D0084ECBC /* FlxEmitter.m */ = {isa = PBXFileReference; fileEncoding = 4; lastKnownFileType = sourcecode.c.objc; path = FlxEmitter.m; sourceTree = "<group>"; };
		076E6DC81180E00D0084ECBC /* FlxFade.m */ = {isa = PBXFileReference; fileEncoding = 4; lastKnownFileType = sourcecode.c.objc; path = FlxFade.m; sourceTree = "<group>"; };
		076E6DC91180E00D0084ECBC /* FlxFlash.m */ = {isa = PBXFileReference; fileEncoding = 4; lastKnownFileType = sourcecode.c.objc; path = FlxFlash.m; sourceTree = "<group>"; };
		076E6DCA1180E00D0084ECBC /* FlxG.m */ = {isa = PBXFileReference; fileEncoding = 4; lastKnownFileType = sourcecode.c.objc; path = FlxG.m; sourceTree = "<group>"; };
		076E6DCB1180E00D0084ECBC /* FlxGLView.m */ = {isa = PBXFileReference; fileEncoding = 4; lastKnownFileType = sourcecode.c.objc; path = FlxGLView.m; sourceTree = "<group>"; };
		076E6DCC1180E00D0084ECBC /* FlxGame.m */ = {isa = PBXFileReference; fileEncoding = 4; lastKnownFileType = sourcecode.c.objc; path = FlxGame.m; sourceTree = "<group>"; };
		076E6DCD1180E00D0084ECBC /* FlxGroup.m */ = {isa = PBXFileReference; fileEncoding = 4; lastKnownFileType = sourcecode.c.objc; path = FlxGroup.m; sourceTree = "<group>"; };
		076E6DCE1180E00D0084ECBC /* FlxList.m */ = {isa = PBXFileReference; fileEncoding = 4; lastKnownFileType = sourcecode.c.objc; path = FlxList.m; sourceTree = "<group>"; };
		076E6DCF1180E00D0084ECBC /* FlxManagedSprite.m */ = {isa = PBXFileReference; fileEncoding = 4; lastKnownFileType = sourcecode.c.objc; path = FlxManagedSprite.m; sourceTree = "<group>"; };
		076E6DD01180E00D0084ECBC /* FlxObject.m */ = {isa = PBXFileReference; fileEncoding = 4; lastKnownFileType = sourcecode.c.objc; path = FlxObject.m; sourceTree = "<group>"; };
		076E6DD11180E00D0084ECBC /* FlxPoint.m */ = {isa = PBXFileReference; fileEncoding = 4; lastKnownFileType = sourcecode.c.objc; path = FlxPoint.m; sourceTree = "<group>"; };
		076E6DD21180E00D0084ECBC /* FlxQuadTree.m */ = {isa = PBXFileReference; fileEncoding = 4; lastKnownFileType = sourcecode.c.objc; path = FlxQuadTree.m; sourceTree = "<group>"; };
		076E6DD31180E00D0084ECBC /* FlxQuake.m */ = {isa = PBXFileReference; fileEncoding = 4; lastKnownFileType = sourcecode.c.objc; path = FlxQuake.m; sourceTree = "<group>"; };
		076E6DD41180E00D0084ECBC /* FlxRect.m */ = {isa = PBXFileReference; fileEncoding = 4; lastKnownFileType = sourcecode.c.objc; path = FlxRect.m; sourceTree = "<group>"; };
		076E6DD51180E00D0084ECBC /* FlxSave.m */ = {isa = PBXFileReference; fileEncoding = 4; lastKnownFileType = sourcecode.c.objc; path = FlxSave.m; sourceTree = "<group>"; };
		076E6DD61180E00D0084ECBC /* FlxSound.m */ = {isa = PBXFileReference; fileEncoding = 4; lastKnownFileType = sourcecode.c.objc; path = FlxSound.m; sourceTree = "<group>"; };
		076E6DD71180E00D0084ECBC /* FlxSprite.m */ = {isa = PBXFileReference; fileEncoding = 4; lastKnownFileType = sourcecode.c.objc; path = FlxSprite.m; sourceTree = "<group>"; };
		076E6DD81180E00D0084ECBC /* FlxState.m */ = {isa = PBXFileReference; fileEncoding = 4; lastKnownFileType = sourcecode.c.objc; path = FlxState.m; sourceTree = "<group>"; };
		076E6DD91180E00D0084ECBC /* FlxText.m */ = {isa = PBXFileReference; fileEncoding = 4; lastKnownFileType = sourcecode.c.objc; path = FlxText.m; sourceTree = "<group>"; };
		076E6DDA1180E00D0084ECBC /* FlxTouches.m */ = {isa = PBXFileReference; fileEncoding = 4; lastKnownFileType = sourcecode.c.objc; path = FlxTouches.m; sourceTree = "<group>"; };
		076E6DDB1180E00D0084ECBC /* FlxU.m */ = {isa = PBXFileReference; fileEncoding = 4; lastKnownFileType = sourcecode.c.objc; path = FlxU.m; sourceTree = "<group>"; };
		076E6DDD1180E00D0084ECBC /* SemiSecretFont.m */ = {isa = PBXFileReference; fileEncoding = 4; lastKnownFileType = sourcecode.c.objc; path = SemiSecretFont.m; sourceTree = "<group>"; };
		076E6DDE1180E00D0084ECBC /* SemiSecretText.m */ = {isa = PBXFileReference; fileEncoding = 4; lastKnownFileType = sourcecode.c.objc; path = SemiSecretText.m; sourceTree = "<group>"; };
		076E6DDF1180E00D0084ECBC /* SemiSecretTexture.m */ = {isa = PBXFileReference; fileEncoding = 4; lastKnownFileType = sourcecode.c.objc; path = SemiSecretTexture.m; sourceTree = "<group>"; };
		076E6EB41180E3290084ECBC /* AVFoundation.framework */ = {isa = PBXFileReference; lastKnownFileType = wrapper.framework; name = AVFoundation.framework; path = System/Library/Frameworks/AVFoundation.framework; sourceTree = SDKROOT; };
		076E6EB61180E3290084ECBC /* AudioToolbox.framework */ = {isa = PBXFileReference; lastKnownFileType = wrapper.framework; name = AudioToolbox.framework; path = System/Library/Frameworks/AudioToolbox.framework; sourceTree = SDKROOT; };
		076E6EB81180E3290084ECBC /* CoreAudio.framework */ = {isa = PBXFileReference; lastKnownFileType = wrapper.framework; name = CoreAudio.framework; path = System/Library/Frameworks/CoreAudio.framework; sourceTree = SDKROOT; };
		076E6EBA1180E3290084ECBC /* OpenAL.framework */ = {isa = PBXFileReference; lastKnownFileType = wrapper.framework; name = OpenAL.framework; path = System/Library/Frameworks/OpenAL.framework; sourceTree = SDKROOT; };
		076E6EDF1180E34A0084ECBC /* CoreGraphics.framework */ = {isa = PBXFileReference; lastKnownFileType = wrapper.framework; name = CoreGraphics.framework; path = System/Library/Frameworks/CoreGraphics.framework; sourceTree = SDKROOT; };
		1D30AB110D05D00D00671497 /* Foundation.framework */ = {isa = PBXFileReference; lastKnownFileType = wrapper.framework; name = Foundation.framework; path = System/Library/Frameworks/Foundation.framework; sourceTree = SDKROOT; };
		1D3623240D0F684500981E51 /* AppDelegate.h */ = {isa = PBXFileReference; fileEncoding = 4; lastKnownFileType = sourcecode.c.h; path = AppDelegate.h; sourceTree = "<group>"; };
		1D3623250D0F684500981E51 /* AppDelegate.m */ = {isa = PBXFileReference; fileEncoding = 4; lastKnownFileType = sourcecode.c.objc; path = AppDelegate.m; sourceTree = "<group>"; };
		1D6058910D05DD3D006BFB54 /* mode.app */ = {isa = PBXFileReference; explicitFileType = wrapper.application; includeInIndex = 0; path = mode.app; sourceTree = BUILT_PRODUCTS_DIR; };
		1DF5F4DF0D08C38300B7A737 /* UIKit.framework */ = {isa = PBXFileReference; lastKnownFileType = wrapper.framework; name = UIKit.framework; path = System/Library/Frameworks/UIKit.framework; sourceTree = SDKROOT; };
		28FD14FF0DC6FC520079059D /* OpenGLES.framework */ = {isa = PBXFileReference; lastKnownFileType = wrapper.framework; name = OpenGLES.framework; path = System/Library/Frameworks/OpenGLES.framework; sourceTree = SDKROOT; };
		28FD15070DC6FC5B0079059D /* QuartzCore.framework */ = {isa = PBXFileReference; lastKnownFileType = wrapper.framework; name = QuartzCore.framework; path = System/Library/Frameworks/QuartzCore.framework; sourceTree = SDKROOT; };
		29B97316FDCFA39411CA2CEA /* main.m */ = {isa = PBXFileReference; fileEncoding = 4; lastKnownFileType = sourcecode.c.objc; path = main.m; sourceTree = "<group>"; };
		32CA4F630368D1EE00C91783 /* Prefix.pch */ = {isa = PBXFileReference; fileEncoding = 4; lastKnownFileType = sourcecode.c.h; path = Prefix.pch; sourceTree = "<group>"; };
		8D1107310486CEB800E47090 /* Info.plist */ = {isa = PBXFileReference; fileEncoding = 4; lastKnownFileType = text.plist.xml; path = Info.plist; plistStructureDefinitionIdentifier = "com.apple.xcode.plist.structure-definition.iphone.info-plist"; sourceTree = "<group>"; };
		D20077A113B337340036F296 /* Bullet.h */ = {isa = PBXFileReference; fileEncoding = 4; lastKnownFileType = sourcecode.c.h; name = Bullet.h; path = Classes/Bullet.h; sourceTree = "<group>"; };
		D20077A213B337340036F296 /* Bullet.m */ = {isa = PBXFileReference; fileEncoding = 4; lastKnownFileType = sourcecode.c.objc; name = Bullet.m; path = Classes/Bullet.m; sourceTree = "<group>"; };
		D20077A313B337340036F296 /* Enemy.h */ = {isa = PBXFileReference; fileEncoding = 4; lastKnownFileType = sourcecode.c.h; name = Enemy.h; path = Classes/Enemy.h; sourceTree = "<group>"; };
		D20077A413B337340036F296 /* Enemy.m */ = {isa = PBXFileReference; fileEncoding = 4; lastKnownFileType = sourcecode.c.objc; name = Enemy.m; path = Classes/Enemy.m; sourceTree = "<group>"; };
		D20077A513B337340036F296 /* EnemyBullet.h */ = {isa = PBXFileReference; fileEncoding = 4; lastKnownFileType = sourcecode.c.h; name = EnemyBullet.h; path = Classes/EnemyBullet.h; sourceTree = "<group>"; };
		D20077A613B337340036F296 /* EnemyBullet.m */ = {isa = PBXFileReference; fileEncoding = 4; lastKnownFileType = sourcecode.c.objc; name = EnemyBullet.m; path = Classes/EnemyBullet.m; sourceTree = "<group>"; };
		D20077A713B337340036F296 /* HelpState.h */ = {isa = PBXFileReference; fileEncoding = 4; lastKnownFileType = sourcecode.c.h; name = HelpState.h; path = Classes/HelpState.h; sourceTree = "<group>"; };
		D20077A813B337340036F296 /* HelpState.m */ = {isa = PBXFileReference; fileEncoding = 4; lastKnownFileType = sourcecode.c.objc; name = HelpState.m; path = Classes/HelpState.m; sourceTree = "<group>"; };
		D20077A913B337340036F296 /* MenuState.h */ = {isa = PBXFileReference; fileEncoding = 4; lastKnownFileType = sourcecode.c.h; name = MenuState.h; path = Classes/MenuState.h; sourceTree = "<group>"; };
		D20077AA13B337340036F296 /* MenuState.m */ = {isa = PBXFileReference; fileEncoding = 4; lastKnownFileType = sourcecode.c.objc; name = MenuState.m; path = Classes/MenuState.m; sourceTree = "<group>"; };
		D20077AB13B337340036F296 /* Notch.h */ = {isa = PBXFileReference; fileEncoding = 4; lastKnownFileType = sourcecode.c.h; name = Notch.h; path = Classes/Notch.h; sourceTree = "<group>"; };
		D20077AC13B337340036F296 /* Notch.m */ = {isa = PBXFileReference; fileEncoding = 4; lastKnownFileType = sourcecode.c.objc; name = Notch.m; path = Classes/Notch.m; sourceTree = "<group>"; };
		D20077AD13B337340036F296 /* Player.h */ = {isa = PBXFileReference; fileEncoding = 4; lastKnownFileType = sourcecode.c.h; name = Player.h; path = Classes/Player.h; sourceTree = "<group>"; };
		D20077AE13B337340036F296 /* Player.m */ = {isa = PBXFileReference; fileEncoding = 4; lastKnownFileType = sourcecode.c.objc; name = Player.m; path = Classes/Player.m; sourceTree = "<group>"; };
		D20077B113B337340036F296 /* Spawner.h */ = {isa = PBXFileReference; fileEncoding = 4; lastKnownFileType = sourcecode.c.h; name = Spawner.h; path = Classes/Spawner.h; sourceTree = "<group>"; };
		D20077B213B337340036F296 /* Spawner.m */ = {isa = PBXFileReference; fileEncoding = 4; lastKnownFileType = sourcecode.c.objc; name = Spawner.m; path = Classes/Spawner.m; sourceTree = "<group>"; };
		D20077B313B337340036F296 /* UIImage+RIFAddition.h */ = {isa = PBXFileReference; fileEncoding = 4; lastKnownFileType = sourcecode.c.h; name = "UIImage+RIFAddition.h"; path = "Classes/UIImage+RIFAddition.h"; sourceTree = "<group>"; };
		D20077B413B337340036F296 /* UIImage+RIFAddition.m */ = {isa = PBXFileReference; fileEncoding = 4; lastKnownFileType = sourcecode.c.objc; name = "UIImage+RIFAddition.m"; path = "Classes/UIImage+RIFAddition.m"; sourceTree = "<group>"; };
		D20077B513B337340036F296 /* VictoryState.h */ = {isa = PBXFileReference; fileEncoding = 4; lastKnownFileType = sourcecode.c.h; name = VictoryState.h; path = Classes/VictoryState.h; sourceTree = "<group>"; };
		D20077B613B337340036F296 /* VictoryState.m */ = {isa = PBXFileReference; fileEncoding = 4; lastKnownFileType = sourcecode.c.objc; name = VictoryState.m; path = Classes/VictoryState.m; sourceTree = "<group>"; };
		D20077C313B337FC0036F296 /* bot_bullet.png */ = {isa = PBXFileReference; lastKnownFileType = image.png; name = bot_bullet.png; path = data/bot_bullet.png; sourceTree = "<group>"; };
		D20077C413B337FC0036F296 /* bot.png */ = {isa = PBXFileReference; lastKnownFileType = image.png; name = bot.png; path = data/bot.png; sourceTree = "<group>"; };
		D20077C513B337FC0036F296 /* bullet.png */ = {isa = PBXFileReference; lastKnownFileType = image.png; name = bullet.png; path = data/bullet.png; sourceTree = "<group>"; };
		D20077C613B337FC0036F296 /* button.png */ = {isa = PBXFileReference; lastKnownFileType = image.png; name = button.png; path = data/button.png; sourceTree = "<group>"; };
		D20077C713B337FC0036F296 /* buttondown.png */ = {isa = PBXFileReference; lastKnownFileType = image.png; name = buttondown.png; path = data/buttondown.png; sourceTree = "<group>"; };
		D20077C813B337FC0036F296 /* buttonup.png */ = {isa = PBXFileReference; lastKnownFileType = image.png; name = buttonup.png; path = data/buttonup.png; sourceTree = "<group>"; };
		D20077C913B337FC0036F296 /* buttonupGreen.png */ = {isa = PBXFileReference; lastKnownFileType = image.png; name = buttonupGreen.png; path = data/buttonupGreen.png; sourceTree = "<group>"; };
		D20077CA13B337FC0036F296 /* cursor.png */ = {isa = PBXFileReference; lastKnownFileType = image.png; name = cursor.png; path = data/cursor.png; sourceTree = "<group>"; };
		D20077CB13B337FC0036F296 /* dirt_top.png */ = {isa = PBXFileReference; lastKnownFileType = image.png; name = dirt_top.png; path = data/dirt_top.png; sourceTree = "<group>"; };
		D20077CC13B337FC0036F296 /* dirt.png */ = {isa = PBXFileReference; lastKnownFileType = image.png; name = dirt.png; path = data/dirt.png; sourceTree = "<group>"; };
		D20077CD13B337FC0036F296 /* gibs.png */ = {isa = PBXFileReference; lastKnownFileType = image.png; name = gibs.png; path = data/gibs.png; sourceTree = "<group>"; };
		D20077CE13B337FC0036F296 /* jet.png */ = {isa = PBXFileReference; lastKnownFileType = image.png; name = jet.png; path = data/jet.png; sourceTree = "<group>"; };
		D20077CF13B337FC0036F296 /* miniframe.png */ = {isa = PBXFileReference; lastKnownFileType = image.png; name = miniframe.png; path = data/miniframe.png; sourceTree = "<group>"; };
		D20077D013B337FC0036F296 /* notch.png */ = {isa = PBXFileReference; lastKnownFileType = image.png; name = notch.png; path = data/notch.png; sourceTree = "<group>"; };
		D20077D113B337FC0036F296 /* spaceman.png */ = {isa = PBXFileReference; lastKnownFileType = image.png; name = spaceman.png; path = data/spaceman.png; sourceTree = "<group>"; };
		D20077D213B337FC0036F296 /* spawner_gibs.png */ = {isa = PBXFileReference; lastKnownFileType = image.png; name = spawner_gibs.png; path = data/spawner_gibs.png; sourceTree = "<group>"; };
		D20077D313B337FC0036F296 /* spawner.png */ = {isa = PBXFileReference; lastKnownFileType = image.png; name = spawner.png; path = data/spawner.png; sourceTree = "<group>"; };
		D20077D413B337FC0036F296 /* tech_tiles.png */ = {isa = PBXFileReference; lastKnownFileType = image.png; name = tech_tiles.png; path = data/tech_tiles.png; sourceTree = "<group>"; };
		D20077E713B338090036F296 /* Default.png */ = {isa = PBXFileReference; lastKnownFileType = image.png; name = Default.png; path = data/iOS/Default.png; sourceTree = "<group>"; };
		D20077E813B338090036F296 /* icon.png */ = {isa = PBXFileReference; lastKnownFileType = image.png; name = icon.png; path = data/iOS/icon.png; sourceTree = "<group>"; };
		D20077EB13B338170036F296 /* buttonArrow.png */ = {isa = PBXFileReference; lastKnownFileType = image.png; name = buttonArrow.png; path = data/virtualCP/buttonArrow.png; sourceTree = "<group>"; };
		D20077EC13B338170036F296 /* buttonButton.png */ = {isa = PBXFileReference; lastKnownFileType = image.png; name = buttonButton.png; path = data/virtualCP/buttonButton.png; sourceTree = "<group>"; };
		D20077F013B338270036F296 /* asplode.caf */ = {isa = PBXFileReference; lastKnownFileType = file; path = asplode.caf; sourceTree = "<group>"; };
		D20077F113B338270036F296 /* button.caf */ = {isa = PBXFileReference; lastKnownFileType = file; path = button.caf; sourceTree = "<group>"; };
		D20077F213B338270036F296 /* countdown.caf */ = {isa = PBXFileReference; lastKnownFileType = file; path = countdown.caf; sourceTree = "<group>"; };
		D20077F313B338270036F296 /* enemy.caf */ = {isa = PBXFileReference; lastKnownFileType = file; path = enemy.caf; sourceTree = "<group>"; };
		D20077F413B338270036F296 /* hit.caf */ = {isa = PBXFileReference; lastKnownFileType = file; path = hit.caf; sourceTree = "<group>"; };
		D20077F513B338270036F296 /* hurt.caf */ = {isa = PBXFileReference; lastKnownFileType = file; path = hurt.caf; sourceTree = "<group>"; };
		D20077F613B338270036F296 /* jam.caf */ = {isa = PBXFileReference; lastKnownFileType = file; path = jam.caf; sourceTree = "<group>"; };
		D20077F713B338270036F296 /* jet.caf */ = {isa = PBXFileReference; lastKnownFileType = file; path = jet.caf; sourceTree = "<group>"; };
		D20077F813B338270036F296 /* jump.caf */ = {isa = PBXFileReference; lastKnownFileType = file; path = jump.caf; sourceTree = "<group>"; };
		D20077F913B338270036F296 /* land.caf */ = {isa = PBXFileReference; lastKnownFileType = file; path = land.caf; sourceTree = "<group>"; };
		D20077FA13B338270036F296 /* menu_hit.caf */ = {isa = PBXFileReference; lastKnownFileType = file; path = menu_hit.caf; sourceTree = "<group>"; };
		D20077FB13B338270036F296 /* menu_hit_2.caf */ = {isa = PBXFileReference; lastKnownFileType = file; path = menu_hit_2.caf; sourceTree = "<group>"; };
		D20077FC13B338270036F296 /* shoot.caf */ = {isa = PBXFileReference; lastKnownFileType = file; path = shoot.caf; sourceTree = "<group>"; };
		D20077FD13B338270036F296 /* mode.mp3 */ = {isa = PBXFileReference; lastKnownFileType = audio.mp3; name = mode.mp3; path = data/mode.mp3; sourceTree = "<group>"; };
		D27AF76D13E518A300C6DE74 /* buttonPressed.png */ = {isa = PBXFileReference; lastKnownFileType = image.png; name = buttonPressed.png; path = data/buttonPressed.png; sourceTree = "<group>"; };
		D286022113E7F4D800874DE8 /* PlayState.h */ = {isa = PBXFileReference; fileEncoding = 4; lastKnownFileType = sourcecode.c.h; name = PlayState.h; path = Classes/PlayState.h; sourceTree = "<group>"; };
		D286022213E7F4D800874DE8 /* PlayState.m */ = {isa = PBXFileReference; fileEncoding = 4; lastKnownFileType = sourcecode.c.objc; name = PlayState.m; path = Classes/PlayState.m; sourceTree = "<group>"; };
		D286022413E7F4E000874DE8 /* Mode.h */ = {isa = PBXFileReference; fileEncoding = 4; lastKnownFileType = sourcecode.c.h; name = Mode.h; path = Classes/Mode.h; sourceTree = "<group>"; };
		D286022513E7F4E000874DE8 /* Mode.m */ = {isa = PBXFileReference; fileEncoding = 4; lastKnownFileType = sourcecode.c.objc; name = Mode.m; path = Classes/Mode.m; sourceTree = "<group>"; };
		D362EAF912DDB506004A4206 /* Flixel.ttf */ = {isa = PBXFileReference; lastKnownFileType = file; name = Flixel.ttf; path = "flixel-ios/fonts/Flixel.ttf"; sourceTree = "<group>"; };
/* End PBXFileReference section */

/* Begin PBXFrameworksBuildPhase section */
		1D60588F0D05DD3D006BFB54 /* Frameworks */ = {
			isa = PBXFrameworksBuildPhase;
			buildActionMask = 2147483647;
			files = (
				1D60589F0D05DD5A006BFB54 /* Foundation.framework in Frameworks */,
				1DF5F4E00D08C38300B7A737 /* UIKit.framework in Frameworks */,
				28FD15000DC6FC520079059D /* OpenGLES.framework in Frameworks */,
				28FD15080DC6FC5B0079059D /* QuartzCore.framework in Frameworks */,
				076E6EB51180E3290084ECBC /* AVFoundation.framework in Frameworks */,
				076E6EB71180E3290084ECBC /* AudioToolbox.framework in Frameworks */,
				076E6EB91180E3290084ECBC /* CoreAudio.framework in Frameworks */,
				076E6EBB1180E3290084ECBC /* OpenAL.framework in Frameworks */,
				076E6EE01180E34A0084ECBC /* CoreGraphics.framework in Frameworks */,
			);
			runOnlyForDeploymentPostprocessing = 0;
		};
/* End PBXFrameworksBuildPhase section */

/* Begin PBXGroup section */
		07542F4411836252004B03B0 /* fonts */ = {
			isa = PBXGroup;
			children = (
				07542F6B1183639E004B03B0 /* FlixelFont.m */,
			);
			name = fonts;
			path = "flixel-ios/fonts";
			sourceTree = SOURCE_ROOT;
		};
		076E6DBE1180DFF60084ECBC /* flixel */ = {
			isa = PBXGroup;
			children = (
				07542F4411836252004B03B0 /* fonts */,
				076E6DBF1180E00D0084ECBC /* Flash */,
				076E6DC41180E00D0084ECBC /* Flixel */,
				076E6DDC1180E00D0084ECBC /* SemiSecret */,
			);
			name = flixel;
			sourceTree = "<group>";
		};
		076E6DBF1180E00D0084ECBC /* Flash */ = {
			isa = PBXGroup;
			children = (
				076E6DC01180E00D0084ECBC /* FlashFunction.m */,
				076E6DC11180E00D0084ECBC /* FlashObject.m */,
				076E6DC21180E00D0084ECBC /* FlashPoint.m */,
				076E6DC31180E00D0084ECBC /* FlashRectangle.m */,
			);
			name = Flash;
			path = "flixel-ios/src/Flash";
			sourceTree = SOURCE_ROOT;
		};
		076E6DC41180E00D0084ECBC /* Flixel */ = {
			isa = PBXGroup;
			children = (
				075430E411873B5D004B03B0 /* FlixelAPTBindings.m */,
				075430BE11867D3D004B03B0 /* FlxTileblock.m */,
				076E6DC51180E00D0084ECBC /* FlxAnim.m */,
				076E6DC61180E00D0084ECBC /* FlxButton.m */,
				076E6DC71180E00D0084ECBC /* FlxEmitter.m */,
				076E6DC81180E00D0084ECBC /* FlxFade.m */,
				076E6DC91180E00D0084ECBC /* FlxFlash.m */,
				076E6DCA1180E00D0084ECBC /* FlxG.m */,
				076E6DCB1180E00D0084ECBC /* FlxGLView.m */,
				076E6DCC1180E00D0084ECBC /* FlxGame.m */,
				076E6DCD1180E00D0084ECBC /* FlxGroup.m */,
				076E6DCE1180E00D0084ECBC /* FlxList.m */,
				076E6DCF1180E00D0084ECBC /* FlxManagedSprite.m */,
				076E6DD01180E00D0084ECBC /* FlxObject.m */,
				076E6DD11180E00D0084ECBC /* FlxPoint.m */,
				076E6DD21180E00D0084ECBC /* FlxQuadTree.m */,
				076E6DD31180E00D0084ECBC /* FlxQuake.m */,
				076E6DD41180E00D0084ECBC /* FlxRect.m */,
				076E6DD51180E00D0084ECBC /* FlxSave.m */,
				076E6DD61180E00D0084ECBC /* FlxSound.m */,
				076E6DD71180E00D0084ECBC /* FlxSprite.m */,
				076E6DD81180E00D0084ECBC /* FlxState.m */,
				076E6DD91180E00D0084ECBC /* FlxText.m */,
				076E6DDA1180E00D0084ECBC /* FlxTouches.m */,
				076E6DDB1180E00D0084ECBC /* FlxU.m */,
			);
			name = Flixel;
			path = "flixel-ios/src/Flixel";
			sourceTree = SOURCE_ROOT;
		};
		076E6DDC1180E00D0084ECBC /* SemiSecret */ = {
			isa = PBXGroup;
			children = (
				076E6DDD1180E00D0084ECBC /* SemiSecretFont.m */,
				076E6DDE1180E00D0084ECBC /* SemiSecretText.m */,
				076E6DDF1180E00D0084ECBC /* SemiSecretTexture.m */,
			);
			name = SemiSecret;
			path = "flixel-ios/src/SemiSecret";
			sourceTree = SOURCE_ROOT;
		};
		080E96DDFE201D6D7F000001 /* Classes */ = {
			isa = PBXGroup;
			children = (
				1D3623240D0F684500981E51 /* AppDelegate.h */,
				1D3623250D0F684500981E51 /* AppDelegate.m */,
				076E6DBE1180DFF60084ECBC /* flixel */,
				D200779E13B3371F0036F296 /* mode */,
			);
			path = Classes;
			sourceTree = "<group>";
		};
		19C28FACFE9D520D11CA2CBB /* Products */ = {
			isa = PBXGroup;
			children = (
				1D6058910D05DD3D006BFB54 /* mode.app */,
			);
			name = Products;
			sourceTree = "<group>";
		};
		29B97314FDCFA39411CA2CEA /* CustomTemplate */ = {
			isa = PBXGroup;
			children = (
				D20077B313B337340036F296 /* UIImage+RIFAddition.h */,
				D20077B413B337340036F296 /* UIImage+RIFAddition.m */,
				080E96DDFE201D6D7F000001 /* Classes */,
				29B97315FDCFA39411CA2CEA /* Other Sources */,
				29B97317FDCFA39411CA2CEA /* Resources */,
				29B97323FDCFA39411CA2CEA /* Frameworks */,
				19C28FACFE9D520D11CA2CBB /* Products */,
			);
			name = CustomTemplate;
			sourceTree = "<group>";
		};
		29B97315FDCFA39411CA2CEA /* Other Sources */ = {
			isa = PBXGroup;
			children = (
				32CA4F630368D1EE00C91783 /* Prefix.pch */,
				29B97316FDCFA39411CA2CEA /* main.m */,
			);
			name = "Other Sources";
			sourceTree = "<group>";
		};
		29B97317FDCFA39411CA2CEA /* Resources */ = {
			isa = PBXGroup;
			children = (
				D27AF76D13E518A300C6DE74 /* buttonPressed.png */,
				D20077EF13B338270036F296 /* CAF */,
				D20077FD13B338270036F296 /* mode.mp3 */,
				D20077EB13B338170036F296 /* buttonArrow.png */,
				D20077EC13B338170036F296 /* buttonButton.png */,
				D20077E713B338090036F296 /* Default.png */,
				D20077E813B338090036F296 /* icon.png */,
				D20077C313B337FC0036F296 /* bot_bullet.png */,
				D20077C413B337FC0036F296 /* bot.png */,
				D20077C513B337FC0036F296 /* bullet.png */,
				D20077C613B337FC0036F296 /* button.png */,
				D20077C713B337FC0036F296 /* buttondown.png */,
				D20077C813B337FC0036F296 /* buttonup.png */,
				D20077C913B337FC0036F296 /* buttonupGreen.png */,
				D20077CA13B337FC0036F296 /* cursor.png */,
				D20077CB13B337FC0036F296 /* dirt_top.png */,
				D20077CC13B337FC0036F296 /* dirt.png */,
				D20077CD13B337FC0036F296 /* gibs.png */,
				D20077CE13B337FC0036F296 /* jet.png */,
				D20077CF13B337FC0036F296 /* miniframe.png */,
				D20077D013B337FC0036F296 /* notch.png */,
				D20077D113B337FC0036F296 /* spaceman.png */,
				D20077D213B337FC0036F296 /* spawner_gibs.png */,
				D20077D313B337FC0036F296 /* spawner.png */,
				D20077D413B337FC0036F296 /* tech_tiles.png */,
				D362EAF912DDB506004A4206 /* Flixel.ttf */,
				8D1107310486CEB800E47090 /* Info.plist */,
			);
			name = Resources;
			sourceTree = "<group>";
		};
		29B97323FDCFA39411CA2CEA /* Frameworks */ = {
			isa = PBXGroup;
			children = (
				076E6EDF1180E34A0084ECBC /* CoreGraphics.framework */,
				076E6EB41180E3290084ECBC /* AVFoundation.framework */,
				076E6EB61180E3290084ECBC /* AudioToolbox.framework */,
				076E6EB81180E3290084ECBC /* CoreAudio.framework */,
				076E6EBA1180E3290084ECBC /* OpenAL.framework */,
				28FD15070DC6FC5B0079059D /* QuartzCore.framework */,
				28FD14FF0DC6FC520079059D /* OpenGLES.framework */,
				1DF5F4DF0D08C38300B7A737 /* UIKit.framework */,
				1D30AB110D05D00D00671497 /* Foundation.framework */,
			);
			name = Frameworks;
			sourceTree = "<group>";
		};
		D200779E13B3371F0036F296 /* mode */ = {
			isa = PBXGroup;
			children = (
				D23714F413BF3F28002D39E2 /* States */,
				D20077A113B337340036F296 /* Bullet.h */,
				D20077A213B337340036F296 /* Bullet.m */,
				D286022413E7F4E000874DE8 /* Mode.h */,
				D286022513E7F4E000874DE8 /* Mode.m */,
				D20077A313B337340036F296 /* Enemy.h */,
				D20077A413B337340036F296 /* Enemy.m */,
				D20077A513B337340036F296 /* EnemyBullet.h */,
				D20077A613B337340036F296 /* EnemyBullet.m */,
				D20077AB13B337340036F296 /* Notch.h */,
				D20077AC13B337340036F296 /* Notch.m */,
				D20077AD13B337340036F296 /* Player.h */,
				D20077AE13B337340036F296 /* Player.m */,
				D20077B113B337340036F296 /* Spawner.h */,
				D20077B213B337340036F296 /* Spawner.m */,
			);
			name = mode;
			path = ..;
			sourceTree = "<group>";
		};
		D20077EF13B338270036F296 /* CAF */ = {
			isa = PBXGroup;
			children = (
				D20077F013B338270036F296 /* asplode.caf */,
				D20077F113B338270036F296 /* button.caf */,
				D20077F213B338270036F296 /* countdown.caf */,
				D20077F313B338270036F296 /* enemy.caf */,
				D20077F413B338270036F296 /* hit.caf */,
				D20077F513B338270036F296 /* hurt.caf */,
				D20077F613B338270036F296 /* jam.caf */,
				D20077F713B338270036F296 /* jet.caf */,
				D20077F813B338270036F296 /* jump.caf */,
				D20077F913B338270036F296 /* land.caf */,
				D20077FA13B338270036F296 /* menu_hit.caf */,
				D20077FB13B338270036F296 /* menu_hit_2.caf */,
				D20077FC13B338270036F296 /* shoot.caf */,
			);
			name = CAF;
			path = data/CAF;
			sourceTree = "<group>";
		};
		D23714F413BF3F28002D39E2 /* States */ = {
			isa = PBXGroup;
			children = (
				D286022113E7F4D800874DE8 /* PlayState.h */,
				D286022213E7F4D800874DE8 /* PlayState.m */,
				D20077A713B337340036F296 /* HelpState.h */,
				D20077A813B337340036F296 /* HelpState.m */,
				D20077A913B337340036F296 /* MenuState.h */,
				D20077AA13B337340036F296 /* MenuState.m */,
				D20077B513B337340036F296 /* VictoryState.h */,
				D20077B613B337340036F296 /* VictoryState.m */,
			);
			name = States;
			sourceTree = "<group>";
		};
/* End PBXGroup section */

/* Begin PBXNativeTarget section */
		1D6058900D05DD3D006BFB54 /* FlixelBasic */ = {
			isa = PBXNativeTarget;
			buildConfigurationList = 1D6058960D05DD3E006BFB54 /* Build configuration list for PBXNativeTarget "FlixelBasic" */;
			buildPhases = (
				1D60588D0D05DD3D006BFB54 /* Resources */,
				1D60588E0D05DD3D006BFB54 /* Sources */,
				1D60588F0D05DD3D006BFB54 /* Frameworks */,
			);
			buildRules = (
			);
			dependencies = (
			);
			name = FlixelBasic;
			productName = Canabalt;
			productReference = 1D6058910D05DD3D006BFB54 /* mode.app */;
			productType = "com.apple.product-type.application";
		};
/* End PBXNativeTarget section */

/* Begin PBXProject section */
		29B97313FDCFA39411CA2CEA /* Project object */ = {
			isa = PBXProject;
			attributes = {
				LastUpgradeCheck = 0410;
			};
			buildConfigurationList = C01FCF4E08A954540054247B /* Build configuration list for PBXProject "mode" */;
			compatibilityVersion = "Xcode 3.2";
			developmentRegion = English;
			hasScannedForEncodings = 1;
			knownRegions = (
				English,
				Japanese,
				French,
				German,
			);
			mainGroup = 29B97314FDCFA39411CA2CEA /* CustomTemplate */;
			projectDirPath = "";
			projectRoot = "";
			targets = (
				1D6058900D05DD3D006BFB54 /* FlixelBasic */,
			);
		};
/* End PBXProject section */

/* Begin PBXResourcesBuildPhase section */
		1D60588D0D05DD3D006BFB54 /* Resources */ = {
			isa = PBXResourcesBuildPhase;
			buildActionMask = 2147483647;
			files = (
				D362EAFA12DDB506004A4206 /* Flixel.ttf in Resources */,
				D20077D513B337FC0036F296 /* bot_bullet.png in Resources */,
				D20077D613B337FC0036F296 /* bot.png in Resources */,
				D20077D713B337FC0036F296 /* bullet.png in Resources */,
				D20077D813B337FC0036F296 /* button.png in Resources */,
				D20077D913B337FC0036F296 /* buttondown.png in Resources */,
				D20077DA13B337FC0036F296 /* buttonup.png in Resources */,
				D20077DB13B337FC0036F296 /* buttonupGreen.png in Resources */,
				D20077DC13B337FC0036F296 /* cursor.png in Resources */,
				D20077DD13B337FC0036F296 /* dirt_top.png in Resources */,
				D20077DE13B337FC0036F296 /* dirt.png in Resources */,
				D20077DF13B337FC0036F296 /* gibs.png in Resources */,
				D20077E013B337FC0036F296 /* jet.png in Resources */,
				D20077E113B337FC0036F296 /* miniframe.png in Resources */,
				D20077E213B337FC0036F296 /* notch.png in Resources */,
				D20077E313B337FC0036F296 /* spaceman.png in Resources */,
				D20077E413B337FC0036F296 /* spawner_gibs.png in Resources */,
				D20077E513B337FC0036F296 /* spawner.png in Resources */,
				D20077E613B337FC0036F296 /* tech_tiles.png in Resources */,
				D20077E913B338090036F296 /* Default.png in Resources */,
				D20077EA13B338090036F296 /* icon.png in Resources */,
				D20077ED13B338170036F296 /* buttonArrow.png in Resources */,
				D20077EE13B338170036F296 /* buttonButton.png in Resources */,
				D20077FE13B338270036F296 /* asplode.caf in Resources */,
				D20077FF13B338270036F296 /* button.caf in Resources */,
				D200780013B338270036F296 /* countdown.caf in Resources */,
				D200780113B338270036F296 /* enemy.caf in Resources */,
				D200780213B338270036F296 /* hit.caf in Resources */,
				D200780313B338270036F296 /* hurt.caf in Resources */,
				D200780413B338270036F296 /* jam.caf in Resources */,
				D200780513B338270036F296 /* jet.caf in Resources */,
				D200780613B338270036F296 /* jump.caf in Resources */,
				D200780713B338270036F296 /* land.caf in Resources */,
				D200780813B338270036F296 /* menu_hit.caf in Resources */,
				D200780913B338270036F296 /* menu_hit_2.caf in Resources */,
				D200780A13B338270036F296 /* shoot.caf in Resources */,
				D200780B13B338270036F296 /* mode.mp3 in Resources */,
				D27AF76E13E518A300C6DE74 /* buttonPressed.png in Resources */,
			);
			runOnlyForDeploymentPostprocessing = 0;
		};
/* End PBXResourcesBuildPhase section */

/* Begin PBXSourcesBuildPhase section */
		1D60588E0D05DD3D006BFB54 /* Sources */ = {
			isa = PBXSourcesBuildPhase;
			buildActionMask = 2147483647;
			files = (
				1D60589B0D05DD56006BFB54 /* main.m in Sources */,
				1D3623260D0F684500981E51 /* AppDelegate.m in Sources */,
				076E6DE01180E00D0084ECBC /* FlashFunction.m in Sources */,
				076E6DE11180E00D0084ECBC /* FlashObject.m in Sources */,
				076E6DE21180E00D0084ECBC /* FlashPoint.m in Sources */,
				076E6DE31180E00D0084ECBC /* FlashRectangle.m in Sources */,
				076E6DE41180E00D0084ECBC /* FlxAnim.m in Sources */,
				076E6DE51180E00D0084ECBC /* FlxButton.m in Sources */,
				076E6DE61180E00D0084ECBC /* FlxEmitter.m in Sources */,
				076E6DE71180E00D0084ECBC /* FlxFade.m in Sources */,
				076E6DE81180E00D0084ECBC /* FlxFlash.m in Sources */,
				076E6DE91180E00D0084ECBC /* FlxG.m in Sources */,
				076E6DEA1180E00D0084ECBC /* FlxGLView.m in Sources */,
				076E6DEB1180E00D0084ECBC /* FlxGame.m in Sources */,
				076E6DEC1180E00D0084ECBC /* FlxGroup.m in Sources */,
				076E6DED1180E00D0084ECBC /* FlxList.m in Sources */,
				076E6DEE1180E00D0084ECBC /* FlxManagedSprite.m in Sources */,
				076E6DEF1180E00D0084ECBC /* FlxObject.m in Sources */,
				076E6DF01180E00D0084ECBC /* FlxPoint.m in Sources */,
				076E6DF11180E00D0084ECBC /* FlxQuadTree.m in Sources */,
				076E6DF21180E00D0084ECBC /* FlxQuake.m in Sources */,
				076E6DF31180E00D0084ECBC /* FlxRect.m in Sources */,
				076E6DF41180E00D0084ECBC /* FlxSave.m in Sources */,
				076E6DF51180E00D0084ECBC /* FlxSound.m in Sources */,
				076E6DF61180E00D0084ECBC /* FlxSprite.m in Sources */,
				076E6DF71180E00D0084ECBC /* FlxState.m in Sources */,
				076E6DF81180E00D0084ECBC /* FlxText.m in Sources */,
				076E6DF91180E00D0084ECBC /* FlxTouches.m in Sources */,
				076E6DFA1180E00D0084ECBC /* FlxU.m in Sources */,
				076E6DFB1180E00D0084ECBC /* SemiSecretFont.m in Sources */,
				076E6DFC1180E00D0084ECBC /* SemiSecretText.m in Sources */,
				076E6DFD1180E00D0084ECBC /* SemiSecretTexture.m in Sources */,
				07542F6C1183639E004B03B0 /* FlixelFont.m in Sources */,
				075430BF11867D3D004B03B0 /* FlxTileblock.m in Sources */,
				075430E511873B5D004B03B0 /* FlixelAPTBindings.m in Sources */,
				D20077B813B337340036F296 /* Bullet.m in Sources */,
				D20077B913B337340036F296 /* Enemy.m in Sources */,
				D20077BA13B337340036F296 /* EnemyBullet.m in Sources */,
				D20077BB13B337340036F296 /* HelpState.m in Sources */,
				D20077BC13B337340036F296 /* MenuState.m in Sources */,
				D20077BD13B337340036F296 /* Notch.m in Sources */,
				D20077BE13B337340036F296 /* Player.m in Sources */,
				D20077C013B337340036F296 /* Spawner.m in Sources */,
				D20077C113B337340036F296 /* UIImage+RIFAddition.m in Sources */,
				D20077C213B337340036F296 /* VictoryState.m in Sources */,
				D286022313E7F4D800874DE8 /* PlayState.m in Sources */,
				D286022613E7F4E000874DE8 /* Mode.m in Sources */,
			);
			runOnlyForDeploymentPostprocessing = 0;
		};
/* End PBXSourcesBuildPhase section */

/* Begin XCBuildConfiguration section */
		0775198911C2FBE400B3FF3D /* App Store */ = {
			isa = XCBuildConfiguration;
			buildSettings = {
				ARCHS = "$(ARCHS_STANDARD_32_BIT)";
				"ARCHS[sdk=iphoneos*]" = "$(ARCHS_STANDARD_32_BIT)";
				"ARCHS[sdk=iphonesimulator*]" = "$(ARCHS_STANDARD_32_BIT)";
				CODE_SIGN_IDENTITY = "iPhone Distribution";
				"CODE_SIGN_IDENTITY[sdk=iphoneos*]" = "iPhone Distribution: Shane A Brouwer";
				COMPRESS_PNG_FILES = YES;
				GCC_C_LANGUAGE_STANDARD = c99;
				GCC_THUMB_SUPPORT = YES;
				GCC_VERSION = com.apple.compilers.llvmgcc42;
				GCC_WARN_ABOUT_RETURN_TYPE = YES;
				GCC_WARN_UNUSED_VARIABLE = YES;
				IPHONEOS_DEPLOYMENT_TARGET = 4.3;
				OTHER_CFLAGS = "-DNS_BLOCK_ASSERTIONS=1";
				PROVISIONING_PROFILE = "";
				"PROVISIONING_PROFILE[sdk=iphoneos*]" = "4C28000C-8B17-42A8-966D-B4ED3DD83C61";
				SDKROOT = iphoneos;
				TARGETED_DEVICE_FAMILY = "1,2";
				VALID_ARCHS = "";
			};
			name = "App Store";
		};
		0775198A11C2FBE400B3FF3D /* App Store */ = {
			isa = XCBuildConfiguration;
			buildSettings = {
				ALWAYS_SEARCH_USER_PATHS = NO;
				"ARCHS[sdk=iphonesimulator*]" = "$(ARCHS_STANDARD_32_BIT)";
				CODE_SIGN_IDENTITY = "iPhone Developer: Shane Brouwer (ASZS53L79E)";
				"CODE_SIGN_IDENTITY[sdk=iphoneos*]" = "iPhone Developer: Shane Brouwer (ASZS53L79E)";
				COPY_PHASE_STRIP = YES;
				GCC_OPTIMIZATION_LEVEL = s;
				GCC_PRECOMPILE_PREFIX_HEADER = YES;
				GCC_PREFIX_HEADER = Canabalt_Prefix.pch;
				GCC_THUMB_SUPPORT = NO;
				"GCC_THUMB_SUPPORT[arch=armv6]" = "";
				GCC_VERSION = com.apple.compilers.llvmgcc42;
				HEADER_SEARCH_PATHS = "\"$(PROJECT_DIR)/flixel-ios/Headers\"";
				INFOPLIST_FILE = Info.plist;
				IPHONEOS_DEPLOYMENT_TARGET = 4.3;
				PRODUCT_NAME = mode;
				PROVISIONING_PROFILE = "063E1376-74A3-43BE-88A6-BBBC1D29E2D8";
				"PROVISIONING_PROFILE[sdk=iphoneos*]" = "063E1376-74A3-43BE-88A6-BBBC1D29E2D8";
				SDKROOT = iphoneos;
				TARGETED_DEVICE_FAMILY = 1;
				VALIDATE_PRODUCT = YES;
			};
			name = "App Store";
		};
		1D6058940D05DD3E006BFB54 /* Debug */ = {
			isa = XCBuildConfiguration;
			buildSettings = {
				ALWAYS_SEARCH_USER_PATHS = NO;
				"ARCHS[sdk=iphoneos*]" = "$(ARCHS_STANDARD_32_BIT)";
				"ARCHS[sdk=iphonesimulator*]" = "$(ARCHS_STANDARD_32_BIT)";
				CODE_SIGN_IDENTITY = "iPhone Developer: Shane Brouwer (ASZS53L79E)";
				"CODE_SIGN_IDENTITY[sdk=iphoneos*]" = "iPhone Developer: Shane Brouwer (ASZS53L79E)";
				COPY_PHASE_STRIP = NO;
				GCC_DYNAMIC_NO_PIC = NO;
				GCC_OPTIMIZATION_LEVEL = s;
				GCC_PRECOMPILE_PREFIX_HEADER = YES;
				GCC_PREFIX_HEADER = Prefix.pch;
				GCC_THUMB_SUPPORT = NO;
				"GCC_THUMB_SUPPORT[arch=armv6]" = "";
				GCC_VERSION = com.apple.compilers.llvmgcc42;
				HEADER_SEARCH_PATHS = "\"$(PROJECT_DIR)/flixel-ios/Headers\"";
				INFOPLIST_FILE = Info.plist;
				IPHONEOS_DEPLOYMENT_TARGET = 4.3;
				PRODUCT_NAME = mode;
				PROVISIONING_PROFILE = "063E1376-74A3-43BE-88A6-BBBC1D29E2D8";
				"PROVISIONING_PROFILE[sdk=iphoneos*]" = "063E1376-74A3-43BE-88A6-BBBC1D29E2D8";
				SDKROOT = iphoneos;
				TARGETED_DEVICE_FAMILY = 1;
			};
			name = Debug;
		};
		1D6058950D05DD3E006BFB54 /* Release */ = {
			isa = XCBuildConfiguration;
			buildSettings = {
				ALWAYS_SEARCH_USER_PATHS = NO;
				"ARCHS[sdk=iphoneos*]" = "$(ARCHS_STANDARD_32_BIT)";
				"ARCHS[sdk=iphonesimulator*]" = "$(ARCHS_STANDARD_32_BIT)";
				CODE_SIGN_IDENTITY = "iPhone Developer: Shane Brouwer (ASZS53L79E)";
				"CODE_SIGN_IDENTITY[sdk=iphoneos*]" = "iPhone Developer: Shane Brouwer (ASZS53L79E)";
				COPY_PHASE_STRIP = YES;
				GCC_OPTIMIZATION_LEVEL = s;
				GCC_PRECOMPILE_PREFIX_HEADER = YES;
				GCC_PREFIX_HEADER = Canabalt_Prefix.pch;
				GCC_THUMB_SUPPORT = NO;
				"GCC_THUMB_SUPPORT[arch=armv6]" = "";
				GCC_VERSION = com.apple.compilers.llvmgcc42;
				HEADER_SEARCH_PATHS = "\"$(PROJECT_DIR)/flixel-ios/Headers\"";
				INFOPLIST_FILE = Info.plist;
				IPHONEOS_DEPLOYMENT_TARGET = 4.3;
				PRODUCT_NAME = mode;
				PROVISIONING_PROFILE = "063E1376-74A3-43BE-88A6-BBBC1D29E2D8";
				"PROVISIONING_PROFILE[sdk=iphoneos*]" = "063E1376-74A3-43BE-88A6-BBBC1D29E2D8";
				SDKROOT = iphoneos;
				TARGETED_DEVICE_FAMILY = 1;
				VALIDATE_PRODUCT = YES;
			};
			name = Release;
		};
		C01FCF4F08A954540054247B /* Debug */ = {
			isa = XCBuildConfiguration;
			buildSettings = {
				ARCHS = "$(ARCHS_STANDARD_32_BIT)";
				"ARCHS[sdk=iphoneos*]" = "$(ARCHS_STANDARD_32_BIT)";
				"ARCHS[sdk=iphonesimulator*]" = "$(ARCHS_STANDARD_32_BIT)";
				CODE_SIGN_IDENTITY = "iPhone Distribution";
				"CODE_SIGN_IDENTITY[sdk=iphoneos*]" = "iPhone Distribution: Shane A Brouwer";
				COMPRESS_PNG_FILES = YES;
				GCC_C_LANGUAGE_STANDARD = c99;
				GCC_PREPROCESSOR_DEFINITIONS = DEBUG;
				GCC_THUMB_SUPPORT = YES;
				GCC_VERSION = com.apple.compilers.llvmgcc42;
				GCC_WARN_ABOUT_RETURN_TYPE = YES;
				GCC_WARN_UNUSED_VARIABLE = YES;
				IPHONEOS_DEPLOYMENT_TARGET = 4.3;
				PROVISIONING_PROFILE = "";
				"PROVISIONING_PROFILE[sdk=iphoneos*]" = "4C28000C-8B17-42A8-966D-B4ED3DD83C61";
				SDKROOT = iphoneos;
				TARGETED_DEVICE_FAMILY = "1,2";
				VALID_ARCHS = "";
				"VALID_ARCHS[sdk=*]" = "$(ARCHS_STANDARD_32_BIT)";
			};
			name = Debug;
		};
		C01FCF5008A954540054247B /* Release */ = {
			isa = XCBuildConfiguration;
			buildSettings = {
				ARCHS = "$(ARCHS_STANDARD_32_BIT)";
				"ARCHS[sdk=iphoneos*]" = "$(ARCHS_STANDARD_32_BIT)";
				"ARCHS[sdk=iphonesimulator*]" = "$(ARCHS_STANDARD_32_BIT)";
				CODE_SIGN_IDENTITY = "iPhone Distribution";
				"CODE_SIGN_IDENTITY[sdk=iphoneos*]" = "iPhone Distribution: Shane A Brouwer";
				COMPRESS_PNG_FILES = YES;
				GCC_C_LANGUAGE_STANDARD = c99;
				GCC_THUMB_SUPPORT = NO;
				"GCC_THUMB_SUPPORT[arch=armv6]" = NO;
				"GCC_THUMB_SUPPORT[arch=armv7]" = YES;
				GCC_VERSION = com.apple.compilers.llvmgcc42;
				GCC_WARN_ABOUT_RETURN_TYPE = YES;
				GCC_WARN_UNUSED_VARIABLE = YES;
				IPHONEOS_DEPLOYMENT_TARGET = 4.3;
				OTHER_CFLAGS = "-DNS_BLOCK_ASSERTIONS=1";
				PROVISIONING_PROFILE = "";
				"PROVISIONING_PROFILE[sdk=iphoneos*]" = "4C28000C-8B17-42A8-966D-B4ED3DD83C61";
				SDKROOT = iphoneos;
				TARGETED_DEVICE_FAMILY = "1,2";
				VALID_ARCHS = "";
			};
			name = Release;
		};
		D219B36A13C721030046819B /* Release copy */ = {
			isa = XCBuildConfiguration;
			buildSettings = {
				ARCHS = "$(ARCHS_STANDARD_32_BIT)";
				"ARCHS[sdk=iphoneos*]" = "$(ARCHS_STANDARD_32_BIT)";
				"ARCHS[sdk=iphonesimulator*]" = "$(ARCHS_STANDARD_32_BIT)";
				CODE_SIGN_IDENTITY = "iPhone Distribution";
				"CODE_SIGN_IDENTITY[sdk=iphoneos*]" = "iPhone Distribution: Shane A Brouwer";
				COMPRESS_PNG_FILES = YES;
				GCC_C_LANGUAGE_STANDARD = c99;
				GCC_THUMB_SUPPORT = NO;
				"GCC_THUMB_SUPPORT[arch=armv6]" = NO;
				"GCC_THUMB_SUPPORT[arch=armv7]" = YES;
				GCC_VERSION = com.apple.compilers.llvmgcc42;
				GCC_WARN_ABOUT_RETURN_TYPE = YES;
				GCC_WARN_UNUSED_VARIABLE = YES;
				IPHONEOS_DEPLOYMENT_TARGET = 4.3;
				OTHER_CFLAGS = "-DNS_BLOCK_ASSERTIONS=1";
				PROVISIONING_PROFILE = "";
				"PROVISIONING_PROFILE[sdk=iphoneos*]" = "4C28000C-8B17-42A8-966D-B4ED3DD83C61";
				SDKROOT = iphoneos;
				TARGETED_DEVICE_FAMILY = "1,2";
				VALID_ARCHS = "";
			};
			name = "Release copy";
		};
		D219B36B13C721030046819B /* Release copy */ = {
			isa = XCBuildConfiguration;
			buildSettings = {
				ALWAYS_SEARCH_USER_PATHS = NO;
				"ARCHS[sdk=iphoneos*]" = "$(ARCHS_STANDARD_32_BIT)";
				"ARCHS[sdk=iphonesimulator*]" = "$(ARCHS_STANDARD_32_BIT)";
				CODE_SIGN_IDENTITY = "iPhone Developer: Shane Brouwer (ASZS53L79E)";
				"CODE_SIGN_IDENTITY[sdk=iphoneos*]" = "iPhone Developer: Shane Brouwer (ASZS53L79E)";
				COPY_PHASE_STRIP = YES;
				GCC_OPTIMIZATION_LEVEL = s;
				GCC_PRECOMPILE_PREFIX_HEADER = YES;
				GCC_PREFIX_HEADER = Canabalt_Prefix.pch;
				GCC_THUMB_SUPPORT = NO;
				"GCC_THUMB_SUPPORT[arch=armv6]" = "";
				GCC_VERSION = com.apple.compilers.llvmgcc42;
				HEADER_SEARCH_PATHS = "\"$(PROJECT_DIR)/flixel-ios/Headers\"";
				INFOPLIST_FILE = Info.plist;
				IPHONEOS_DEPLOYMENT_TARGET = 4.3;
				PRODUCT_NAME = mode;
				PROVISIONING_PROFILE = "063E1376-74A3-43BE-88A6-BBBC1D29E2D8";
				"PROVISIONING_PROFILE[sdk=iphoneos*]" = "063E1376-74A3-43BE-88A6-BBBC1D29E2D8";
				SDKROOT = iphoneos;
				TARGETED_DEVICE_FAMILY = 1;
				VALIDATE_PRODUCT = YES;
			};
			name = "Release copy";
		};
/* End XCBuildConfiguration section */

/* Begin XCConfigurationList section */
		1D6058960D05DD3E006BFB54 /* Build configuration list for PBXNativeTarget "FlixelBasic" */ = {
			isa = XCConfigurationList;
			buildConfigurations = (
				1D6058940D05DD3E006BFB54 /* Debug */,
				1D6058950D05DD3E006BFB54 /* Release */,
				D219B36B13C721030046819B /* Release copy */,
				0775198A11C2FBE400B3FF3D /* App Store */,
			);
			defaultConfigurationIsVisible = 0;
			defaultConfigurationName = Release;
		};
		C01FCF4E08A954540054247B /* Build configuration list for PBXProject "mode" */ = {
			isa = XCConfigurationList;
			buildConfigurations = (
				C01FCF4F08A954540054247B /* Debug */,
				C01FCF5008A954540054247B /* Release */,
				D219B36A13C721030046819B /* Release copy */,
				0775198911C2FBE400B3FF3D /* App Store */,
			);
			defaultConfigurationIsVisible = 0;
			defaultConfigurationName = Release;
		};
/* End XCConfigurationList section */
	};
	rootObject = 29B97313FDCFA39411CA2CEA /* Project object */;
}
